
Microsoft Visual Studio Solution File, Format Version 12.00
# Visual Studio Version 17
VisualStudioVersion = 17.1.32210.238
MinimumVisualStudioVersion = 10.0.40219.1
Project("{FAE04EC0-301F-11D3-BF4B-00C04F79EFBC}") = "Study_03_Method", "Study_03_Method\Study_03_Method.csproj", "{A6B4B8F8-E2BE-43BE-830F-D9DBDEC7B5E3}"
EndProject
Global
	GlobalSection(SolutionConfigurationPlatforms) = preSolution
		Debug|Any CPU = Debug|Any CPU
		Release|Any CPU = Release|Any CPU
	EndGlobalSection
	GlobalSection(ProjectConfigurationPlatforms) = postSolution
		{A6B4B8F8-E2BE-43BE-830F-D9DBDEC7B5E3}.Debug|Any CPU.ActiveCfg = Debug|Any CPU
		{A6B4B8F8-E2BE-43BE-830F-D9DBDEC7B5E3}.Debug|Any CPU.Build.0 = Debug|Any CPU
		{A6B4B8F8-E2BE-43BE-830F-D9DBDEC7B5E3}.Release|Any CPU.ActiveCfg = Release|Any CPU
		{A6B4B8F8-E2BE-43BE-830F-D9DBDEC7B5E3}.Release|Any CPU.Build.0 = Release|Any CPU
	EndGlobalSection
	GlobalSection(SolutionProperties) = preSolution
		HideSolutionNode = FALSE
	EndGlobalSection
	GlobalSection(ExtensibilityGlobals) = postSolution
		SolutionGuid = {34919C0D-6EB7-466A-98B5-DA2FBDF9BF19}
	EndGlobalSection
EndGlobal
